
Microsoft Visual Studio Solution File, Format Version 12.00
# Visual Studio Version 16
VisualStudioVersion = 16.0.29911.84
MinimumVisualStudioVersion = 10.0.40219.1
Project("{FAE04EC0-301F-11D3-BF4B-00C04F79EFBC}") = "Entities", "Entities\Entities.csproj", "{D55ECC3F-D601-40BC-AEC3-636DCAE4E0B8}"
EndProject
Project("{FAE04EC0-301F-11D3-BF4B-00C04F79EFBC}") = "DataAccess", "DataAccess\DataAccess.csproj", "{87F3EE22-7C6F-45C7-B1BD-FFEA3E17A867}"
EndProject
Project("{FAE04EC0-301F-11D3-BF4B-00C04F79EFBC}") = "Business", "Business\Business.csproj", "{98426737-5A3C-43DB-B689-063AD39B9AA9}"
EndProject
Project("{FAE04EC0-301F-11D3-BF4B-00C04F79EFBC}") = "Core", "Core\Core.csproj", "{A82C5188-E4F2-4DAF-9E0D-D40484705120}"
EndProject
Project("{FAE04EC0-301F-11D3-BF4B-00C04F79EFBC}") = "WebAPI", "WebAPI\WebAPI.csproj", "{70D266C6-47B6-42C1-AE5C-BD3C1BE94D32}"
EndProject
Global
	GlobalSection(SolutionConfigurationPlatforms) = preSolution
		Debug|Any CPU = Debug|Any CPU
		Release|Any CPU = Release|Any CPU
	EndGlobalSection
	GlobalSection(ProjectConfigurationPlatforms) = postSolution
		{D55ECC3F-D601-40BC-AEC3-636DCAE4E0B8}.Debug|Any CPU.ActiveCfg = Debug|Any CPU
		{D55ECC3F-D601-40BC-AEC3-636DCAE4E0B8}.Debug|Any CPU.Build.0 = Debug|Any CPU
		{D55ECC3F-D601-40BC-AEC3-636DCAE4E0B8}.Release|Any CPU.ActiveCfg = Release|Any CPU
		{D55ECC3F-D601-40BC-AEC3-636DCAE4E0B8}.Release|Any CPU.Build.0 = Release|Any CPU
		{87F3EE22-7C6F-45C7-B1BD-FFEA3E17A867}.Debug|Any CPU.ActiveCfg = Debug|Any CPU
		{87F3EE22-7C6F-45C7-B1BD-FFEA3E17A867}.Debug|Any CPU.Build.0 = Debug|Any CPU
		{87F3EE22-7C6F-45C7-B1BD-FFEA3E17A867}.Release|Any CPU.ActiveCfg = Release|Any CPU
		{87F3EE22-7C6F-45C7-B1BD-FFEA3E17A867}.Release|Any CPU.Build.0 = Release|Any CPU
		{98426737-5A3C-43DB-B689-063AD39B9AA9}.Debug|Any CPU.ActiveCfg = Debug|Any CPU
		{98426737-5A3C-43DB-B689-063AD39B9AA9}.Debug|Any CPU.Build.0 = Debug|Any CPU
		{98426737-5A3C-43DB-B689-063AD39B9AA9}.Release|Any CPU.ActiveCfg = Release|Any CPU
		{98426737-5A3C-43DB-B689-063AD39B9AA9}.Release|Any CPU.Build.0 = Release|Any CPU
		{A82C5188-E4F2-4DAF-9E0D-D40484705120}.Debug|Any CPU.ActiveCfg = Debug|Any CPU
		{A82C5188-E4F2-4DAF-9E0D-D40484705120}.Debug|Any CPU.Build.0 = Debug|Any CPU
		{A82C5188-E4F2-4DAF-9E0D-D40484705120}.Release|Any CPU.ActiveCfg = Release|Any CPU
		{A82C5188-E4F2-4DAF-9E0D-D40484705120}.Release|Any CPU.Build.0 = Release|Any CPU
		{70D266C6-47B6-42C1-AE5C-BD3C1BE94D32}.Debug|Any CPU.ActiveCfg = Debug|Any CPU
		{70D266C6-47B6-42C1-AE5C-BD3C1BE94D32}.Debug|Any CPU.Build.0 = Debug|Any CPU
		{70D266C6-47B6-42C1-AE5C-BD3C1BE94D32}.Release|Any CPU.ActiveCfg = Release|Any CPU
		{70D266C6-47B6-42C1-AE5C-BD3C1BE94D32}.Release|Any CPU.Build.0 = Release|Any CPU
	EndGlobalSection
	GlobalSection(SolutionProperties) = preSolution
		HideSolutionNode = FALSE
	EndGlobalSection
	GlobalSection(ExtensibilityGlobals) = postSolution
		SolutionGuid = {06F9E1ED-A7A9-4388-B86B-F34CBDB9597F}
	EndGlobalSection
EndGlobal
